
Microsoft Visual Studio Solution File, Format Version 12.00
# Visual Studio Version 16
VisualStudioVersion = 16.0.29806.167
MinimumVisualStudioVersion = 10.0.40219.1
Project("{9A19103F-16F7-4668-BE54-9A1E7A4F7556}") = "medAppointments", "medAppointments\medAppointments.csproj", "{8458B901-234E-4DD1-8B08-99ACC5428108}"
EndProject
Project("{9A19103F-16F7-4668-BE54-9A1E7A4F7556}") = "DAL", "DAL\DAL.csproj", "{4D21F78C-91B7-410E-8217-BA7CB5B19714}"
EndProject
Project("{9A19103F-16F7-4668-BE54-9A1E7A4F7556}") = "Repository", "Repository\Repository.csproj", "{0C19C16C-140D-4884-9CD7-C50D4C04BD5C}"
EndProject
Project("{9A19103F-16F7-4668-BE54-9A1E7A4F7556}") = "Business", "Business\Business.csproj", "{0BBD2E0F-DA12-435C-B862-85148AAFDD95}"
EndProject
Project("{FAE04EC0-301F-11D3-BF4B-00C04F79EFBC}") = "NUnitTestProject1", "NUnitTestProject1\NUnitTestProject1.csproj", "{CDBDBD00-8C11-42A0-AB3E-CFD378761CE5}"
EndProject
Global
	GlobalSection(SolutionConfigurationPlatforms) = preSolution
		Debug|Any CPU = Debug|Any CPU
		Release|Any CPU = Release|Any CPU
	EndGlobalSection
	GlobalSection(ProjectConfigurationPlatforms) = postSolution
		{8458B901-234E-4DD1-8B08-99ACC5428108}.Debug|Any CPU.ActiveCfg = Debug|Any CPU
		{8458B901-234E-4DD1-8B08-99ACC5428108}.Debug|Any CPU.Build.0 = Debug|Any CPU
		{8458B901-234E-4DD1-8B08-99ACC5428108}.Release|Any CPU.ActiveCfg = Release|Any CPU
		{8458B901-234E-4DD1-8B08-99ACC5428108}.Release|Any CPU.Build.0 = Release|Any CPU
		{4D21F78C-91B7-410E-8217-BA7CB5B19714}.Debug|Any CPU.ActiveCfg = Debug|Any CPU
		{4D21F78C-91B7-410E-8217-BA7CB5B19714}.Debug|Any CPU.Build.0 = Debug|Any CPU
		{4D21F78C-91B7-410E-8217-BA7CB5B19714}.Release|Any CPU.ActiveCfg = Release|Any CPU
		{4D21F78C-91B7-410E-8217-BA7CB5B19714}.Release|Any CPU.Build.0 = Release|Any CPU
		{0C19C16C-140D-4884-9CD7-C50D4C04BD5C}.Debug|Any CPU.ActiveCfg = Debug|Any CPU
		{0C19C16C-140D-4884-9CD7-C50D4C04BD5C}.Debug|Any CPU.Build.0 = Debug|Any CPU
		{0C19C16C-140D-4884-9CD7-C50D4C04BD5C}.Release|Any CPU.ActiveCfg = Release|Any CPU
		{0C19C16C-140D-4884-9CD7-C50D4C04BD5C}.Release|Any CPU.Build.0 = Release|Any CPU
		{0BBD2E0F-DA12-435C-B862-85148AAFDD95}.Debug|Any CPU.ActiveCfg = Debug|Any CPU
		{0BBD2E0F-DA12-435C-B862-85148AAFDD95}.Debug|Any CPU.Build.0 = Debug|Any CPU
		{0BBD2E0F-DA12-435C-B862-85148AAFDD95}.Release|Any CPU.ActiveCfg = Release|Any CPU
		{0BBD2E0F-DA12-435C-B862-85148AAFDD95}.Release|Any CPU.Build.0 = Release|Any CPU
		{CDBDBD00-8C11-42A0-AB3E-CFD378761CE5}.Debug|Any CPU.ActiveCfg = Debug|Any CPU
		{CDBDBD00-8C11-42A0-AB3E-CFD378761CE5}.Debug|Any CPU.Build.0 = Debug|Any CPU
		{CDBDBD00-8C11-42A0-AB3E-CFD378761CE5}.Release|Any CPU.ActiveCfg = Release|Any CPU
		{CDBDBD00-8C11-42A0-AB3E-CFD378761CE5}.Release|Any CPU.Build.0 = Release|Any CPU
	EndGlobalSection
	GlobalSection(SolutionProperties) = preSolution
		HideSolutionNode = FALSE
	EndGlobalSection
	GlobalSection(ExtensibilityGlobals) = postSolution
		SolutionGuid = {138C912C-BC62-45EB-859D-F614B302E92D}
	EndGlobalSection
EndGlobal
